
Microsoft Visual Studio Solution File, Format Version 12.00
# Visual Studio Version 17
VisualStudioVersion = 17.11.35327.3
MinimumVisualStudioVersion = 10.0.40219.1
Project("{FAE04EC0-301F-11D3-BF4B-00C04F79EFBC}") = "Task,2", "Task,2\Task,2.csproj", "{DC55660A-E752-442E-A5AD-DBF35C20A474}"
EndProject
Global
	GlobalSection(SolutionConfigurationPlatforms) = preSolution
		Debug|Any CPU = Debug|Any CPU
		Release|Any CPU = Release|Any CPU
	EndGlobalSection
	GlobalSection(ProjectConfigurationPlatforms) = postSolution
		{DC55660A-E752-442E-A5AD-DBF35C20A474}.Debug|Any CPU.ActiveCfg = Debug|Any CPU
		{DC55660A-E752-442E-A5AD-DBF35C20A474}.Debug|Any CPU.Build.0 = Debug|Any CPU
		{DC55660A-E752-442E-A5AD-DBF35C20A474}.Release|Any CPU.ActiveCfg = Release|Any CPU
		{DC55660A-E752-442E-A5AD-DBF35C20A474}.Release|Any CPU.Build.0 = Release|Any CPU
	EndGlobalSection
	GlobalSection(SolutionProperties) = preSolution
		HideSolutionNode = FALSE
	EndGlobalSection
	GlobalSection(ExtensibilityGlobals) = postSolution
		SolutionGuid = {38F6C28E-A2A6-4FE1-B412-291DF27D0278}
	EndGlobalSection
EndGlobal
